// !$*UTF8*$!
{
	archiveVersion = 1;
	classes = {
	};
	objectVersion = 46;
	objects = {

/* Begin PBXBuildFile section */
		39D461AF1D08888300AD38ED /* AppDelegate.swift in Sources */ = {isa = PBXBuildFile; fileRef = 39D461AE1D08888200AD38ED /* AppDelegate.swift */; };
		39D461B11D08888300AD38ED /* ViewController.swift in Sources */ = {isa = PBXBuildFile; fileRef = 39D461B01D08888300AD38ED /* ViewController.swift */; };
		39D461B41D08888300AD38ED /* Main.storyboard in Resources */ = {isa = PBXBuildFile; fileRef = 39D461B21D08888300AD38ED /* Main.storyboard */; };
		39D461B61D08888300AD38ED /* Assets.xcassets in Resources */ = {isa = PBXBuildFile; fileRef = 39D461B51D08888300AD38ED /* Assets.xcassets */; };
		39D461B91D08888300AD38ED /* LaunchScreen.storyboard in Resources */ = {isa = PBXBuildFile; fileRef = 39D461B71D08888300AD38ED /* LaunchScreen.storyboard */; };
		39D461C41D08888300AD38ED /* TemplateFourTests.swift in Sources */ = {isa = PBXBuildFile; fileRef = 39D461C31D08888300AD38ED /* TemplateFourTests.swift */; };
		39D461CF1D08888300AD38ED /* TemplateFourUITests.swift in Sources */ = {isa = PBXBuildFile; fileRef = 39D461CE1D08888300AD38ED /* TemplateFourUITests.swift */; };
		39D461DD1D08893900AD38ED /* htmlroot in Resources */ = {isa = PBXBuildFile; fileRef = 39D461DC1D08893900AD38ED /* htmlroot */; };
		39D461E11D088A0F00AD38ED /* ConstantsTApp.swift in Sources */ = {isa = PBXBuildFile; fileRef = 39D461E01D088A0F00AD38ED /* ConstantsTApp.swift */; };
/* End PBXBuildFile section */

/* Begin PBXContainerItemProxy section */
		39D461C01D08888300AD38ED /* PBXContainerItemProxy */ = {
			isa = PBXContainerItemProxy;
			containerPortal = 39D461A31D08888200AD38ED /* Project object */;
			proxyType = 1;
			remoteGlobalIDString = 39D461AA1D08888200AD38ED;
			remoteInfo = TemplateFour;
		};
		39D461CB1D08888300AD38ED /* PBXContainerItemProxy */ = {
			isa = PBXContainerItemProxy;
			containerPortal = 39D461A31D08888200AD38ED /* Project object */;
			proxyType = 1;
			remoteGlobalIDString = 39D461AA1D08888200AD38ED;
			remoteInfo = TemplateFour;
		};
/* End PBXContainerItemProxy section */

/* Begin PBXFileReference section */
		39D461AB1D08888200AD38ED /* TemplateFour.app */ = {isa = PBXFileReference; explicitFileType = wrapper.application; includeInIndex = 0; path = TemplateFour.app; sourceTree = BUILT_PRODUCTS_DIR; };
		39D461AE1D08888200AD38ED /* AppDelegate.swift */ = {isa = PBXFileReference; lastKnownFileType = sourcecode.swift; path = AppDelegate.swift; sourceTree = "<group>"; };
		39D461B01D08888300AD38ED /* ViewController.swift */ = {isa = PBXFileReference; lastKnownFileType = sourcecode.swift; path = ViewController.swift; sourceTree = "<group>"; };
		39D461B31D08888300AD38ED /* Base */ = {isa = PBXFileReference; lastKnownFileType = file.storyboard; name = Base; path = Base.lproj/Main.storyboard; sourceTree = "<group>"; };
		39D461B51D08888300AD38ED /* Assets.xcassets */ = {isa = PBXFileReference; lastKnownFileType = folder.assetcatalog; path = Assets.xcassets; sourceTree = "<group>"; };
		39D461B81D08888300AD38ED /* Base */ = {isa = PBXFileReference; lastKnownFileType = file.storyboard; name = Base; path = Base.lproj/LaunchScreen.storyboard; sourceTree = "<group>"; };
		39D461BA1D08888300AD38ED /* Info.plist */ = {isa = PBXFileReference; lastKnownFileType = text.plist.xml; path = Info.plist; sourceTree = "<group>"; };
		39D461BF1D08888300AD38ED /* TemplateFourTests.xctest */ = {isa = PBXFileReference; explicitFileType = wrapper.cfbundle; includeInIndex = 0; path = TemplateFourTests.xctest; sourceTree = BUILT_PRODUCTS_DIR; };
		39D461C31D08888300AD38ED /* TemplateFourTests.swift */ = {isa = PBXFileReference; lastKnownFileType = sourcecode.swift; path = TemplateFourTests.swift; sourceTree = "<group>"; };
		39D461C51D08888300AD38ED /* Info.plist */ = {isa = PBXFileReference; lastKnownFileType = text.plist.xml; path = Info.plist; sourceTree = "<group>"; };
		39D461CA1D08888300AD38ED /* TemplateFourUITests.xctest */ = {isa = PBXFileReference; explicitFileType = wrapper.cfbundle; includeInIndex = 0; path = TemplateFourUITests.xctest; sourceTree = BUILT_PRODUCTS_DIR; };
		39D461CE1D08888300AD38ED /* TemplateFourUITests.swift */ = {isa = PBXFileReference; lastKnownFileType = sourcecode.swift; path = TemplateFourUITests.swift; sourceTree = "<group>"; };
		39D461D01D08888300AD38ED /* Info.plist */ = {isa = PBXFileReference; lastKnownFileType = text.plist.xml; path = Info.plist; sourceTree = "<group>"; };
		39D461DC1D08893900AD38ED /* htmlroot */ = {isa = PBXFileReference; lastKnownFileType = folder; path = htmlroot; sourceTree = "<group>"; };
		39D461E01D088A0F00AD38ED /* ConstantsTApp.swift */ = {isa = PBXFileReference; fileEncoding = 4; lastKnownFileType = sourcecode.swift; path = ConstantsTApp.swift; sourceTree = "<group>"; };
/* End PBXFileReference section */

/* Begin PBXFrameworksBuildPhase section */
		39D461A81D08888200AD38ED /* Frameworks */ = {
			isa = PBXFrameworksBuildPhase;
			buildActionMask = 2147483647;
			files = (
			);
			runOnlyForDeploymentPostprocessing = 0;
		};
		39D461BC1D08888300AD38ED /* Frameworks */ = {
			isa = PBXFrameworksBuildPhase;
			buildActionMask = 2147483647;
			files = (
			);
			runOnlyForDeploymentPostprocessing = 0;
		};
		39D461C71D08888300AD38ED /* Frameworks */ = {
			isa = PBXFrameworksBuildPhase;
			buildActionMask = 2147483647;
			files = (
			);
			runOnlyForDeploymentPostprocessing = 0;
		};
/* End PBXFrameworksBuildPhase section */

/* Begin PBXGroup section */
		39D461A21D08888200AD38ED = {
			isa = PBXGroup;
			children = (
				39D461DC1D08893900AD38ED /* htmlroot */,
				39D461AD1D08888200AD38ED /* TemplateFour */,
				39D461C21D08888300AD38ED /* TemplateFourTests */,
				39D461CD1D08888300AD38ED /* TemplateFourUITests */,
				39D461AC1D08888200AD38ED /* Products */,
			);
			sourceTree = "<group>";
		};
		39D461AC1D08888200AD38ED /* Products */ = {
			isa = PBXGroup;
			children = (
				39D461AB1D08888200AD38ED /* TemplateFour.app */,
				39D461BF1D08888300AD38ED /* TemplateFourTests.xctest */,
				39D461CA1D08888300AD38ED /* TemplateFourUITests.xctest */,
			);
			name = Products;
			sourceTree = "<group>";
		};
		39D461AD1D08888200AD38ED /* TemplateFour */ = {
			isa = PBXGroup;
			children = (
				39D461AE1D08888200AD38ED /* AppDelegate.swift */,
				39D461B01D08888300AD38ED /* ViewController.swift */,
				39D461B21D08888300AD38ED /* Main.storyboard */,
				39D461B51D08888300AD38ED /* Assets.xcassets */,
				39D461B71D08888300AD38ED /* LaunchScreen.storyboard */,
				39D461BA1D08888300AD38ED /* Info.plist */,
				39D461E01D088A0F00AD38ED /* ConstantsTApp.swift */,
			);
			path = TemplateFour;
			sourceTree = "<group>";
		};
		39D461C21D08888300AD38ED /* TemplateFourTests */ = {
			isa = PBXGroup;
			children = (
				39D461C31D08888300AD38ED /* TemplateFourTests.swift */,
				39D461C51D08888300AD38ED /* Info.plist */,
			);
			path = TemplateFourTests;
			sourceTree = "<group>";
		};
		39D461CD1D08888300AD38ED /* TemplateFourUITests */ = {
			isa = PBXGroup;
			children = (
				39D461CE1D08888300AD38ED /* TemplateFourUITests.swift */,
				39D461D01D08888300AD38ED /* Info.plist */,
			);
			path = TemplateFourUITests;
			sourceTree = "<group>";
		};
/* End PBXGroup section */

/* Begin PBXNativeTarget section */
		39D461AA1D08888200AD38ED /* TemplateFour */ = {
			isa = PBXNativeTarget;
			buildConfigurationList = 39D461D31D08888300AD38ED /* Build configuration list for PBXNativeTarget "TemplateFour" */;
			buildPhases = (
				39D461A71D08888200AD38ED /* Sources */,
				39D461A81D08888200AD38ED /* Frameworks */,
				39D461A91D08888200AD38ED /* Resources */,
			);
			buildRules = (
			);
			dependencies = (
			);
			name = TemplateFour;
			productName = TemplateFour;
			productReference = 39D461AB1D08888200AD38ED /* TemplateFour.app */;
			productType = "com.apple.product-type.application";
		};
		39D461BE1D08888300AD38ED /* TemplateFourTests */ = {
			isa = PBXNativeTarget;
			buildConfigurationList = 39D461D61D08888300AD38ED /* Build configuration list for PBXNativeTarget "TemplateFourTests" */;
			buildPhases = (
				39D461BB1D08888300AD38ED /* Sources */,
				39D461BC1D08888300AD38ED /* Frameworks */,
				39D461BD1D08888300AD38ED /* Resources */,
			);
			buildRules = (
			);
			dependencies = (
				39D461C11D08888300AD38ED /* PBXTargetDependency */,
			);
			name = TemplateFourTests;
			productName = TemplateFourTests;
			productReference = 39D461BF1D08888300AD38ED /* TemplateFourTests.xctest */;
			productType = "com.apple.product-type.bundle.unit-test";
		};
		39D461C91D08888300AD38ED /* TemplateFourUITests */ = {
			isa = PBXNativeTarget;
			buildConfigurationList = 39D461D91D08888300AD38ED /* Build configuration list for PBXNativeTarget "TemplateFourUITests" */;
			buildPhases = (
				39D461C61D08888300AD38ED /* Sources */,
				39D461C71D08888300AD38ED /* Frameworks */,
				39D461C81D08888300AD38ED /* Resources */,
			);
			buildRules = (
			);
			dependencies = (
				39D461CC1D08888300AD38ED /* PBXTargetDependency */,
			);
			name = TemplateFourUITests;
			productName = TemplateFourUITests;
			productReference = 39D461CA1D08888300AD38ED /* TemplateFourUITests.xctest */;
			productType = "com.apple.product-type.bundle.ui-testing";
		};
/* End PBXNativeTarget section */

/* Begin PBXProject section */
		39D461A31D08888200AD38ED /* Project object */ = {
			isa = PBXProject;
			attributes = {
				LastSwiftUpdateCheck = 0730;
				LastUpgradeCheck = 0730;
				ORGANIZATIONNAME = EmilTodorov;
				TargetAttributes = {
					39D461AA1D08888200AD38ED = {
						CreatedOnToolsVersion = 7.3.1;
					};
					39D461BE1D08888300AD38ED = {
						CreatedOnToolsVersion = 7.3.1;
						TestTargetID = 39D461AA1D08888200AD38ED;
					};
					39D461C91D08888300AD38ED = {
						CreatedOnToolsVersion = 7.3.1;
						TestTargetID = 39D461AA1D08888200AD38ED;
					};
				};
			};
			buildConfigurationList = 39D461A61D08888200AD38ED /* Build configuration list for PBXProject "TemplateFour" */;
			compatibilityVersion = "Xcode 3.2";
			developmentRegion = English;
			hasScannedForEncodings = 0;
			knownRegions = (
				en,
				Base,
			);
			mainGroup = 39D461A21D08888200AD38ED;
			productRefGroup = 39D461AC1D08888200AD38ED /* Products */;
			projectDirPath = "";
			projectRoot = "";
			targets = (
				39D461AA1D08888200AD38ED /* TemplateFour */,
				39D461BE1D08888300AD38ED /* TemplateFourTests */,
				39D461C91D08888300AD38ED /* TemplateFourUITests */,
			);
		};
/* End PBXProject section */

/* Begin PBXResourcesBuildPhase section */
		39D461A91D08888200AD38ED /* Resources */ = {
			isa = PBXResourcesBuildPhase;
			buildActionMask = 2147483647;
			files = (
				39D461B91D08888300AD38ED /* LaunchScreen.storyboard in Resources */,
				39D461DD1D08893900AD38ED /* htmlroot in Resources */,
				39D461B61D08888300AD38ED /* Assets.xcassets in Resources */,
				39D461B41D08888300AD38ED /* Main.storyboard in Resources */,
			);
			runOnlyForDeploymentPostprocessing = 0;
		};
		39D461BD1D08888300AD38ED /* Resources */ = {
			isa = PBXResourcesBuildPhase;
			buildActionMask = 2147483647;
			files = (
			);
			runOnlyForDeploymentPostprocessing = 0;
		};
		39D461C81D08888300AD38ED /* Resources */ = {
			isa = PBXResourcesBuildPhase;
			buildActionMask = 2147483647;
			files = (
			);
			runOnlyForDeploymentPostprocessing = 0;
		};
/* End PBXResourcesBuildPhase section */

/* Begin PBXSourcesBuildPhase section */
		39D461A71D08888200AD38ED /* Sources */ = {
			isa = PBXSourcesBuildPhase;
			buildActionMask = 2147483647;
			files = (
				39D461B11D08888300AD38ED /* ViewController.swift in Sources */,
				39D461E11D088A0F00AD38ED /* ConstantsTApp.swift in Sources */,
				39D461AF1D08888300AD38ED /* AppDelegate.swift in Sources */,
			);
			runOnlyForDeploymentPostprocessing = 0;
		};
		39D461BB1D08888300AD38ED /* Sources */ = {
			isa = PBXSourcesBuildPhase;
			buildActionMask = 2147483647;
			files = (
				39D461C41D08888300AD38ED /* TemplateFourTests.swift in Sources */,
			);
			runOnlyForDeploymentPostprocessing = 0;
		};
		39D461C61D08888300AD38ED /* Sources */ = {
			isa = PBXSourcesBuildPhase;
			buildActionMask = 2147483647;
			files = (
				39D461CF1D08888300AD38ED /* TemplateFourUITests.swift in Sources */,
			);
			runOnlyForDeploymentPostprocessing = 0;
		};
/* End PBXSourcesBuildPhase section */

/* Begin PBXTargetDependency section */
		39D461C11D08888300AD38ED /* PBXTargetDependency */ = {
			isa = PBXTargetDependency;
			target = 39D461AA1D08888200AD38ED /* TemplateFour */;
			targetProxy = 39D461C01D08888300AD38ED /* PBXContainerItemProxy */;
		};
		39D461CC1D08888300AD38ED /* PBXTargetDependency */ = {
			isa = PBXTargetDependency;
			target = 39D461AA1D08888200AD38ED /* TemplateFour */;
			targetProxy = 39D461CB1D08888300AD38ED /* PBXContainerItemProxy */;
		};
/* End PBXTargetDependency section */

/* Begin PBXVariantGroup section */
		39D461B21D08888300AD38ED /* Main.storyboard */ = {
			isa = PBXVariantGroup;
			children = (
				39D461B31D08888300AD38ED /* Base */,
			);
			name = Main.storyboard;
			sourceTree = "<group>";
		};
		39D461B71D08888300AD38ED /* LaunchScreen.storyboard */ = {
			isa = PBXVariantGroup;
			children = (
				39D461B81D08888300AD38ED /* Base */,
			);
			name = LaunchScreen.storyboard;
			sourceTree = "<group>";
		};
/* End PBXVariantGroup section */

/* Begin XCBuildConfiguration section */
		39D461D11D08888300AD38ED /* Debug */ = {
			isa = XCBuildConfiguration;
			buildSettings = {
				ALWAYS_SEARCH_USER_PATHS = NO;
				CLANG_ANALYZER_NONNULL = YES;
				CLANG_CXX_LANGUAGE_STANDARD = "gnu++0x";
				CLANG_CXX_LIBRARY = "libc++";
				CLANG_ENABLE_MODULES = YES;
				CLANG_ENABLE_OBJC_ARC = YES;
				CLANG_WARN_BOOL_CONVERSION = YES;
				CLANG_WARN_CONSTANT_CONVERSION = YES;
				CLANG_WARN_DIRECT_OBJC_ISA_USAGE = YES_ERROR;
				CLANG_WARN_EMPTY_BODY = YES;
				CLANG_WARN_ENUM_CONVERSION = YES;
				CLANG_WARN_INT_CONVERSION = YES;
				CLANG_WARN_OBJC_ROOT_CLASS = YES_ERROR;
				CLANG_WARN_UNREACHABLE_CODE = YES;
				CLANG_WARN__DUPLICATE_METHOD_MATCH = YES;
				"CODE_SIGN_IDENTITY[sdk=iphoneos*]" = "iPhone Developer";
				COPY_PHASE_STRIP = NO;
				DEBUG_INFORMATION_FORMAT = dwarf;
				ENABLE_STRICT_OBJC_MSGSEND = YES;
				ENABLE_TESTABILITY = YES;
				GCC_C_LANGUAGE_STANDARD = gnu99;
				GCC_DYNAMIC_NO_PIC = NO;
				GCC_NO_COMMON_BLOCKS = YES;
				GCC_OPTIMIZATION_LEVEL = 0;
				GCC_PREPROCESSOR_DEFINITIONS = (
					"DEBUG=1",
					"$(inherited)",
				);
				GCC_WARN_64_TO_32_BIT_CONVERSION = YES;
				GCC_WARN_ABOUT_RETURN_TYPE = YES_ERROR;
				GCC_WARN_UNDECLARED_SELECTOR = YES;
				GCC_WARN_UNINITIALIZED_AUTOS = YES_AGGRESSIVE;
				GCC_WARN_UNUSED_FUNCTION = YES;
				GCC_WARN_UNUSED_VARIABLE = YES;
				IPHONEOS_DEPLOYMENT_TARGET = 9.3;
				MTL_ENABLE_DEBUG_INFO = YES;
				ONLY_ACTIVE_ARCH = YES;
				SDKROOT = iphoneos;
				SWIFT_OPTIMIZATION_LEVEL = "-Onone";
			};
			name = Debug;
		};
		39D461D21D08888300AD38ED /* Release */ = {
			isa = XCBuildConfiguration;
			buildSettings = {
				ALWAYS_SEARCH_USER_PATHS = NO;
				CLANG_ANALYZER_NONNULL = YES;
				CLANG_CXX_LANGUAGE_STANDARD = "gnu++0x";
				CLANG_CXX_LIBRARY = "libc++";
				CLANG_ENABLE_MODULES = YES;
				CLANG_ENABLE_OBJC_ARC = YES;
				CLANG_WARN_BOOL_CONVERSION = YES;
				CLANG_WARN_CONSTANT_CONVERSION = YES;
				CLANG_WARN_DIRECT_OBJC_ISA_USAGE = YES_ERROR;
				CLANG_WARN_EMPTY_BODY = YES;
				CLANG_WARN_ENUM_CONVERSION = YES;
				CLANG_WARN_INT_CONVERSION = YES;
				CLANG_WARN_OBJC_ROOT_CLASS = YES_ERROR;
				CLANG_WARN_UNREACHABLE_CODE = YES;
				CLANG_WARN__DUPLICATE_METHOD_MATCH = YES;
				"CODE_SIGN_IDENTITY[sdk=iphoneos*]" = "iPhone Developer";
				COPY_PHASE_STRIP = NO;
				DEBUG_INFORMATION_FORMAT = "dwarf-with-dsym";
				ENABLE_NS_ASSERTIONS = NO;
				ENABLE_STRICT_OBJC_MSGSEND = YES;
				GCC_C_LANGUAGE_STANDARD = gnu99;
				GCC_NO_COMMON_BLOCKS = YES;
				GCC_WARN_64_TO_32_BIT_CONVERSION = YES;
				GCC_WARN_ABOUT_RETURN_TYPE = YES_ERROR;
				GCC_WARN_UNDECLARED_SELECTOR = YES;
				GCC_WARN_UNINITIALIZED_AUTOS = YES_AGGRESSIVE;
				GCC_WARN_UNUSED_FUNCTION = YES;
				GCC_WARN_UNUSED_VARIABLE = YES;
				IPHONEOS_DEPLOYMENT_TARGET = 9.3;
				MTL_ENABLE_DEBUG_INFO = NO;
				SDKROOT = iphoneos;
				VALIDATE_PRODUCT = YES;
			};
			name = Release;
		};
		39D461D41D08888300AD38ED /* Debug */ = {
			isa = XCBuildConfiguration;
			buildSettings = {
				ASSETCATALOG_COMPILER_APPICON_NAME = AppIcon;
				INFOPLIST_FILE = TemplateFour/Info.plist;
				LD_RUNPATH_SEARCH_PATHS = "$(inherited) @executable_path/Frameworks";
				PRODUCT_BUNDLE_IDENTIFIER = com.blogspot.techzealous.TemplateFour;
				PRODUCT_NAME = "$(TARGET_NAME)";
			};
			name = Debug;
		};
		39D461D51D08888300AD38ED /* Release */ = {
			isa = XCBuildConfiguration;
			buildSettings = {
				ASSETCATALOG_COMPILER_APPICON_NAME = AppIcon;
				INFOPLIST_FILE = TemplateFour/Info.plist;
				LD_RUNPATH_SEARCH_PATHS = "$(inherited) @executable_path/Frameworks";
				PRODUCT_BUNDLE_IDENTIFIER = com.blogspot.techzealous.TemplateFour;
				PRODUCT_NAME = "$(TARGET_NAME)";
			};
			name = Release;
		};
		39D461D71D08888300AD38ED /* Debug */ = {
			isa = XCBuildConfiguration;
			buildSettings = {
				BUNDLE_LOADER = "$(TEST_HOST)";
				INFOPLIST_FILE = TemplateFourTests/Info.plist;
				LD_RUNPATH_SEARCH_PATHS = "$(inherited) @executable_path/Frameworks @loader_path/Frameworks";
				PRODUCT_BUNDLE_IDENTIFIER = com.blogspot.techzealous.TemplateFourTests;
				PRODUCT_NAME = "$(TARGET_NAME)";
				TEST_HOST = "$(BUILT_PRODUCTS_DIR)/TemplateFour.app/TemplateFour";
			};
			name = Debug;
		};
		39D461D81D08888300AD38ED /* Release */ = {
			isa = XCBuildConfiguration;
			buildSettings = {
				BUNDLE_LOADER = "$(TEST_HOST)";
				INFOPLIST_FILE = TemplateFourTests/Info.plist;
				LD_RUNPATH_SEARCH_PATHS = "$(inherited) @executable_path/Frameworks @loader_path/Frameworks";
				PRODUCT_BUNDLE_IDENTIFIER = com.blogspot.techzealous.TemplateFourTests;
				PRODUCT_NAME = "$(TARGET_NAME)";
				TEST_HOST = "$(BUILT_PRODUCTS_DIR)/TemplateFour.app/TemplateFour";
			};
			name = Release;
		};
		39D461DA1D08888300AD38ED /* Debug */ = {
			isa = XCBuildConfiguration;
			buildSettings = {
				INFOPLIST_FILE = TemplateFourUITests/Info.plist;
				LD_RUNPATH_SEARCH_PATHS = "$(inherited) @executable_path/Frameworks @loader_path/Frameworks";
				PRODUCT_BUNDLE_IDENTIFIER = com.blogspot.techzealous.TemplateFourUITests;
				PRODUCT_NAME = "$(TARGET_NAME)";
				TEST_TARGET_NAME = TemplateFour;
			};
			name = Debug;
		};
		39D461DB1D08888300AD38ED /* Release */ = {
			isa = XCBuildConfiguration;
			buildSettings = {
				INFOPLIST_FILE = TemplateFourUITests/Info.plist;
				LD_RUNPATH_SEARCH_PATHS = "$(inherited) @executable_path/Frameworks @loader_path/Frameworks";
				PRODUCT_BUNDLE_IDENTIFIER = com.blogspot.techzealous.TemplateFourUITests;
				PRODUCT_NAME = "$(TARGET_NAME)";
				TEST_TARGET_NAME = TemplateFour;
			};
			name = Release;
		};
/* End XCBuildConfiguration section */

/* Begin XCConfigurationList section */
		39D461A61D08888200AD38ED /* Build configuration list for PBXProject "TemplateFour" */ = {
			isa = XCConfigurationList;
			buildConfigurations = (
				39D461D11D08888300AD38ED /* Debug */,
				39D461D21D08888300AD38ED /* Release */,
			);
			defaultConfigurationIsVisible = 0;
			defaultConfigurationName = Release;
		};
		39D461D31D08888300AD38ED /* Build configuration list for PBXNativeTarget "TemplateFour" */ = {
			isa = XCConfigurationList;
			buildConfigurations = (
				39D461D41D08888300AD38ED /* Debug */,
				39D461D51D08888300AD38ED /* Release */,
			);
			defaultConfigurationIsVisible = 0;
		};
		39D461D61D08888300AD38ED /* Build configuration list for PBXNativeTarget "TemplateFourTests" */ = {
			isa = XCConfigurationList;
			buildConfigurations = (
				39D461D71D08888300AD38ED /* Debug */,
				39D461D81D08888300AD38ED /* Release */,
			);
			defaultConfigurationIsVisible = 0;
		};
		39D461D91D08888300AD38ED /* Build configuration list for PBXNativeTarget "TemplateFourUITests" */ = {
			isa = XCConfigurationList;
			buildConfigurations = (
				39D461DA1D08888300AD38ED /* Debug */,
				39D461DB1D08888300AD38ED /* Release */,
			);
			defaultConfigurationIsVisible = 0;
		};
/* End XCConfigurationList section */
	};
	rootObject = 39D461A31D08888200AD38ED /* Project object */;
}
